
Microsoft Visual Studio Solution File, Format Version 12.00
# Visual Studio 15
VisualStudioVersion = 15.0.26124.0
MinimumVisualStudioVersion = 15.0.26124.0
Project("{2150E333-8FDC-42A3-9474-1A3956D46DE8}") = "src", "src", "{9BD63D59-E8BB-4CC5-978F-5680472CB1A9}"
EndProject
Project("{FAE04EC0-301F-11D3-BF4B-00C04F79EFBC}") = "YouTubeArchiver", "src\YouTubeArchiver\YouTubeArchiver.csproj", "{35C977E0-FD64-408A-B733-17AA67043C50}"
EndProject
Project("{2150E333-8FDC-42A3-9474-1A3956D46DE8}") = "build", "build", "{EB8FCB6B-8C78-4205-911F-8EB4B55DA120}"
EndProject
Project("{FAE04EC0-301F-11D3-BF4B-00C04F79EFBC}") = "Build", "build\scripts\Build.csproj", "{C37A4EA7-538B-49D1-8999-E47DA8A4B384}"
EndProject
Project("{FAE04EC0-301F-11D3-BF4B-00C04F79EFBC}") = "YouTubeArchiverServer", "src\YouTubeArchiverServer\YouTubeArchiverServer.csproj", "{47819B25-235D-489D-9B8B-0DD6272A3156}"
EndProject
Project("{FAE04EC0-301F-11D3-BF4B-00C04F79EFBC}") = "Common", "src\Common\Common.csproj", "{52BF92ED-2304-4152-88BC-FAF948BA991C}"
EndProject
Global
	GlobalSection(SolutionConfigurationPlatforms) = preSolution
		Debug|Any CPU = Debug|Any CPU
		Debug|x64 = Debug|x64
		Debug|x86 = Debug|x86
		Release|Any CPU = Release|Any CPU
		Release|x64 = Release|x64
		Release|x86 = Release|x86
	EndGlobalSection
	GlobalSection(SolutionProperties) = preSolution
		HideSolutionNode = FALSE
	EndGlobalSection
	GlobalSection(ProjectConfigurationPlatforms) = postSolution
		{35C977E0-FD64-408A-B733-17AA67043C50}.Debug|Any CPU.ActiveCfg = Debug|Any CPU
		{35C977E0-FD64-408A-B733-17AA67043C50}.Debug|Any CPU.Build.0 = Debug|Any CPU
		{35C977E0-FD64-408A-B733-17AA67043C50}.Debug|x64.ActiveCfg = Debug|Any CPU
		{35C977E0-FD64-408A-B733-17AA67043C50}.Debug|x64.Build.0 = Debug|Any CPU
		{35C977E0-FD64-408A-B733-17AA67043C50}.Debug|x86.ActiveCfg = Debug|Any CPU
		{35C977E0-FD64-408A-B733-17AA67043C50}.Debug|x86.Build.0 = Debug|Any CPU
		{35C977E0-FD64-408A-B733-17AA67043C50}.Release|Any CPU.ActiveCfg = Release|Any CPU
		{35C977E0-FD64-408A-B733-17AA67043C50}.Release|Any CPU.Build.0 = Release|Any CPU
		{35C977E0-FD64-408A-B733-17AA67043C50}.Release|x64.ActiveCfg = Release|Any CPU
		{35C977E0-FD64-408A-B733-17AA67043C50}.Release|x64.Build.0 = Release|Any CPU
		{35C977E0-FD64-408A-B733-17AA67043C50}.Release|x86.ActiveCfg = Release|Any CPU
		{35C977E0-FD64-408A-B733-17AA67043C50}.Release|x86.Build.0 = Release|Any CPU
		{C37A4EA7-538B-49D1-8999-E47DA8A4B384}.Debug|Any CPU.ActiveCfg = Debug|Any CPU
		{C37A4EA7-538B-49D1-8999-E47DA8A4B384}.Debug|Any CPU.Build.0 = Debug|Any CPU
		{C37A4EA7-538B-49D1-8999-E47DA8A4B384}.Debug|x64.ActiveCfg = Debug|Any CPU
		{C37A4EA7-538B-49D1-8999-E47DA8A4B384}.Debug|x64.Build.0 = Debug|Any CPU
		{C37A4EA7-538B-49D1-8999-E47DA8A4B384}.Debug|x86.ActiveCfg = Debug|Any CPU
		{C37A4EA7-538B-49D1-8999-E47DA8A4B384}.Debug|x86.Build.0 = Debug|Any CPU
		{C37A4EA7-538B-49D1-8999-E47DA8A4B384}.Release|Any CPU.ActiveCfg = Release|Any CPU
		{C37A4EA7-538B-49D1-8999-E47DA8A4B384}.Release|Any CPU.Build.0 = Release|Any CPU
		{C37A4EA7-538B-49D1-8999-E47DA8A4B384}.Release|x64.ActiveCfg = Release|Any CPU
		{C37A4EA7-538B-49D1-8999-E47DA8A4B384}.Release|x64.Build.0 = Release|Any CPU
		{C37A4EA7-538B-49D1-8999-E47DA8A4B384}.Release|x86.ActiveCfg = Release|Any CPU
		{C37A4EA7-538B-49D1-8999-E47DA8A4B384}.Release|x86.Build.0 = Release|Any CPU
		{47819B25-235D-489D-9B8B-0DD6272A3156}.Debug|Any CPU.ActiveCfg = Debug|Any CPU
		{47819B25-235D-489D-9B8B-0DD6272A3156}.Debug|Any CPU.Build.0 = Debug|Any CPU
		{47819B25-235D-489D-9B8B-0DD6272A3156}.Debug|x64.ActiveCfg = Debug|Any CPU
		{47819B25-235D-489D-9B8B-0DD6272A3156}.Debug|x64.Build.0 = Debug|Any CPU
		{47819B25-235D-489D-9B8B-0DD6272A3156}.Debug|x86.ActiveCfg = Debug|Any CPU
		{47819B25-235D-489D-9B8B-0DD6272A3156}.Debug|x86.Build.0 = Debug|Any CPU
		{47819B25-235D-489D-9B8B-0DD6272A3156}.Release|Any CPU.ActiveCfg = Release|Any CPU
		{47819B25-235D-489D-9B8B-0DD6272A3156}.Release|Any CPU.Build.0 = Release|Any CPU
		{47819B25-235D-489D-9B8B-0DD6272A3156}.Release|x64.ActiveCfg = Release|Any CPU
		{47819B25-235D-489D-9B8B-0DD6272A3156}.Release|x64.Build.0 = Release|Any CPU
		{47819B25-235D-489D-9B8B-0DD6272A3156}.Release|x86.ActiveCfg = Release|Any CPU
		{47819B25-235D-489D-9B8B-0DD6272A3156}.Release|x86.Build.0 = Release|Any CPU
		{52BF92ED-2304-4152-88BC-FAF948BA991C}.Debug|Any CPU.ActiveCfg = Debug|Any CPU
		{52BF92ED-2304-4152-88BC-FAF948BA991C}.Debug|Any CPU.Build.0 = Debug|Any CPU
		{52BF92ED-2304-4152-88BC-FAF948BA991C}.Debug|x64.ActiveCfg = Debug|Any CPU
		{52BF92ED-2304-4152-88BC-FAF948BA991C}.Debug|x64.Build.0 = Debug|Any CPU
		{52BF92ED-2304-4152-88BC-FAF948BA991C}.Debug|x86.ActiveCfg = Debug|Any CPU
		{52BF92ED-2304-4152-88BC-FAF948BA991C}.Debug|x86.Build.0 = Debug|Any CPU
		{52BF92ED-2304-4152-88BC-FAF948BA991C}.Release|Any CPU.ActiveCfg = Release|Any CPU
		{52BF92ED-2304-4152-88BC-FAF948BA991C}.Release|Any CPU.Build.0 = Release|Any CPU
		{52BF92ED-2304-4152-88BC-FAF948BA991C}.Release|x64.ActiveCfg = Release|Any CPU
		{52BF92ED-2304-4152-88BC-FAF948BA991C}.Release|x64.Build.0 = Release|Any CPU
		{52BF92ED-2304-4152-88BC-FAF948BA991C}.Release|x86.ActiveCfg = Release|Any CPU
		{52BF92ED-2304-4152-88BC-FAF948BA991C}.Release|x86.Build.0 = Release|Any CPU
	EndGlobalSection
	GlobalSection(NestedProjects) = preSolution
		{35C977E0-FD64-408A-B733-17AA67043C50} = {9BD63D59-E8BB-4CC5-978F-5680472CB1A9}
		{C37A4EA7-538B-49D1-8999-E47DA8A4B384} = {EB8FCB6B-8C78-4205-911F-8EB4B55DA120}
		{47819B25-235D-489D-9B8B-0DD6272A3156} = {9BD63D59-E8BB-4CC5-978F-5680472CB1A9}
		{52BF92ED-2304-4152-88BC-FAF948BA991C} = {9BD63D59-E8BB-4CC5-978F-5680472CB1A9}
	EndGlobalSection
EndGlobal
